
Microsoft Visual Studio Solution File, Format Version 12.00
# Visual Studio Version 16
VisualStudioVersion = 16.0.30413.136
MinimumVisualStudioVersion = 10.0.40219.1
Project("{F184B08F-C81C-45F6-A57F-5ABD9991F28F}") = "GroupProject_Session1_Group6", "GroupProject_Session1_Group6\GroupProject_Session1_Group6.vbproj", "{34752BE5-00CE-448D-8B96-3A32D752FDAE}"
EndProject
Global
	GlobalSection(SolutionConfigurationPlatforms) = preSolution
		Debug|Any CPU = Debug|Any CPU
		Release|Any CPU = Release|Any CPU
	EndGlobalSection
	GlobalSection(ProjectConfigurationPlatforms) = postSolution
		{34752BE5-00CE-448D-8B96-3A32D752FDAE}.Debug|Any CPU.ActiveCfg = Debug|Any CPU
		{34752BE5-00CE-448D-8B96-3A32D752FDAE}.Debug|Any CPU.Build.0 = Debug|Any CPU
		{34752BE5-00CE-448D-8B96-3A32D752FDAE}.Release|Any CPU.ActiveCfg = Release|Any CPU
		{34752BE5-00CE-448D-8B96-3A32D752FDAE}.Release|Any CPU.Build.0 = Release|Any CPU
	EndGlobalSection
	GlobalSection(SolutionProperties) = preSolution
		HideSolutionNode = FALSE
	EndGlobalSection
	GlobalSection(ExtensibilityGlobals) = postSolution
		SolutionGuid = {8C9A1469-5258-4935-92B6-42502221F6AE}
	EndGlobalSection
EndGlobal
